# @generated by Move, please check-in and do not edit manually.

[move]
version = 3
manifest_digest = "03D5D2FE6A98D51AA6BFD0075B71E3BE412478E517A6C474FA838578523C82A9"
deps_digest = "52B406A7A21811BEF51751CF88DA0E76DAEFFEAC888D4F4060B1A72BBE7D8D35"
dependencies = [
  { id = "Pyth", name = "Pyth" },
  { id = "Sui", name = "Sui" },
  { id = "Wormhole", name = "Wormhole" },
  { id = "suins", name = "suins" },
  { id = "suins_denylist", name = "suins_denylist" },
  { id = "suins_subdomains", name = "suins_subdomains" },
]

[[move.package]]
id = "MoveStdlib"
source = { git = "https://github.com/MystenLabs/sui.git", rev = "framework/mainnet", subdir = "crates/sui-framework/packages/move-stdlib" }

[[move.package]]
id = "Pyth"
source = { git = "https://github.com/pyth-network/pyth-crosschain.git", rev = "sui-contract-mainnet", subdir = "target_chains/sui/contracts" }

dependencies = [
  { id = "Sui", name = "Sui" },
  { id = "Wormhole", name = "Wormhole" },
]

[[move.package]]
id = "Sui"
source = { git = "https://github.com/MystenLabs/sui.git", rev = "framework/mainnet", subdir = "crates/sui-framework/packages/sui-framework" }

dependencies = [
  { id = "MoveStdlib", name = "MoveStdlib" },
]

[[move.package]]
id = "Wormhole"
source = { git = "https://github.com/wormhole-foundation/wormhole.git", rev = "sui/mainnet", subdir = "sui/wormhole" }

dependencies = [
  { id = "Sui", name = "Sui" },
]

[[move.package]]
id = "suins"
source = { git = "https://github.com/MystenLabs/suins-contracts.git", rev = "main", subdir = "packages/suins" }

dependencies = [
  { id = "Sui", name = "Sui" },
]

[[move.package]]
id = "suins_denylist"
source = { git = "https://github.com/MystenLabs/suins-contracts.git", rev = "main", subdir = "packages/denylist" }

dependencies = [
  { id = "Sui", name = "Sui" },
  { id = "suins", name = "suins" },
]

[[move.package]]
id = "suins_subdomains"
source = { git = "https://github.com/MystenLabs/suins-contracts.git", rev = "main", subdir = "packages/subdomains" }

dependencies = [
  { id = "Sui", name = "Sui" },
  { id = "suins", name = "suins" },
  { id = "suins_denylist", name = "suins_denylist" },
]

[move.toolchain-version]
compiler-version = "1.62.1"
edition = "2024.beta"
flavor = "sui"

[env]

[env.testnet]
chain-id = "4c78adac"
original-published-id = "0xdb4e5d943d9eb03e0d7e007da43669d9df2e60f235ad9273bc10577461db0c48"
latest-published-id = "0xdb4e5d943d9eb03e0d7e007da43669d9df2e60f235ad9273bc10577461db0c48"
published-version = "1"
