# @generated by Move, please check-in and do not edit manually.

[move]
version = 3
manifest_digest = "E61B1EBEC39A93BEF7808C359417871D9125772702B3768E9815284EE9FEB71E"
deps_digest = "04732BFEF428F74DE262001DC455D76B909EBC394B034A9A15CC095E4BDD9CEF"
dependencies = [
  { id = "Bridge", name = "Bridge" },
  { id = "MoveStdlib", name = "MoveStdlib" },
  { id = "Pyth", name = "Pyth" },
  { id = "Sui", name = "Sui" },
  { id = "SuiSystem", name = "SuiSystem" },
  { id = "denylist", name = "denylist" },
  { id = "subdomains", name = "subdomains" },
  { id = "suins", name = "suins" },
]

[[move.package]]
id = "Bridge"
source = { git = "https://github.com/MystenLabs/sui.git", rev = "d75fae3aa7fa3545b5803980a1e0c965b8bbf48e", subdir = "crates/sui-framework/packages/bridge" }

dependencies = [
  { id = "MoveStdlib", name = "MoveStdlib" },
  { id = "Sui", name = "Sui" },
  { id = "SuiSystem", name = "SuiSystem" },
]

[[move.package]]
id = "MoveStdlib"
source = { git = "https://github.com/MystenLabs/sui.git", rev = "d75fae3aa7fa3545b5803980a1e0c965b8bbf48e", subdir = "crates/sui-framework/packages/move-stdlib" }

[[move.package]]
id = "Pyth"
source = { git = "https://github.com/pyth-network/pyth-crosschain.git", rev = "sui-contract-testnet", subdir = "target_chains/sui/contracts" }

dependencies = [
  { id = "Sui", name = "Sui" },
  { id = "Wormhole", name = "Wormhole" },
]

[[move.package]]
id = "Sui"
source = { git = "https://github.com/MystenLabs/sui.git", rev = "d75fae3aa7fa3545b5803980a1e0c965b8bbf48e", subdir = "crates/sui-framework/packages/sui-framework" }

dependencies = [
  { id = "MoveStdlib", name = "MoveStdlib" },
]

[[move.package]]
id = "SuiSystem"
source = { git = "https://github.com/MystenLabs/sui.git", rev = "d75fae3aa7fa3545b5803980a1e0c965b8bbf48e", subdir = "crates/sui-framework/packages/sui-system" }

dependencies = [
  { id = "MoveStdlib", name = "MoveStdlib" },
  { id = "Sui", name = "Sui" },
]

[[move.package]]
id = "Wormhole"
source = { git = "https://github.com/wormhole-foundation/wormhole.git", rev = "sui/testnet", subdir = "sui/wormhole" }

dependencies = [
  { id = "Sui", name = "Sui" },
]

[[move.package]]
id = "denylist"
source = { git = "https://github.com/aminlatifi/suins-contracts.git", rev = "crowdwalrus-testnet-core-v2", subdir = "packages/denylist" }

dependencies = [
  { id = "Sui", name = "Sui" },
  { id = "suins", name = "suins" },
]

[[move.package]]
id = "subdomains"
source = { git = "https://github.com/aminlatifi/suins-contracts.git", rev = "crowdwalrus-testnet-core-v2", subdir = "packages/subdomains" }

dependencies = [
  { id = "Sui", name = "Sui" },
  { id = "denylist", name = "denylist" },
  { id = "suins", name = "suins" },
]

[[move.package]]
id = "suins"
source = { git = "https://github.com/aminlatifi/suins-contracts.git", rev = "crowdwalrus-testnet-core-v2", subdir = "packages/suins" }

dependencies = [
  { id = "Sui", name = "Sui" },
]

[move.toolchain-version]
compiler-version = "1.60.0"
edition = "2024.beta"
flavor = "sui"

[env]

[env.testnet]
chain-id = "4c78adac"
original-published-id = "0x5abd06b4c77fca5cdf684f77a2a06c1303218bf85ac27dde3cb07243655a3e9e"
latest-published-id = "0x5abd06b4c77fca5cdf684f77a2a06c1303218bf85ac27dde3cb07243655a3e9e"
published-version = "1"
